
Microsoft Visual Studio Solution File, Format Version 12.00
# Visual Studio Version 16
VisualStudioVersion = 16.0.29905.134
MinimumVisualStudioVersion = 10.0.40219.1
Project("{2150E333-8FDC-42A3-9474-1A3956D46DE8}") = "Blazor", "Blazor", "{EFE6252F-785D-4F12-BD2E-D995DEAA5D3D}"
EndProject
Project("{2150E333-8FDC-42A3-9474-1A3956D46DE8}") = "API", "API", "{C483C7B1-EDE2-4C84-8515-45BB118624F8}"
EndProject
Project("{2150E333-8FDC-42A3-9474-1A3956D46DE8}") = "Data", "Data", "{AC010643-0AE4-4257-A30F-F8DF7A0C8069}"
EndProject
Project("{2150E333-8FDC-42A3-9474-1A3956D46DE8}") = "src", "src", "{2E5D128C-4A95-477D-A0D5-26AE20DEDA80}"
EndProject
Project("{2150E333-8FDC-42A3-9474-1A3956D46DE8}") = "test", "test", "{71C0B149-9CB5-4386-AB8F-A21735289DF5}"
EndProject
Project("{9A19103F-16F7-4668-BE54-9A1E7A4F7556}") = "PetStore.Domain", "PetStore.Domain\PetStore.Domain.csproj", "{425B43EB-61E1-4C26-AC7E-9F0B850C96B6}"
EndProject
Project("{9A19103F-16F7-4668-BE54-9A1E7A4F7556}") = "PetStore.Data", "PetStore.Data\PetStore.Data.csproj", "{6E31B0D8-E159-4598-85FF-6488101E457E}"
EndProject
Project("{9A19103F-16F7-4668-BE54-9A1E7A4F7556}") = "PetStore.ConsoleApp", "PetStore.ConsoleApp\PetStore.ConsoleApp.csproj", "{9BDB6ED4-4F76-45E4-8CE9-76FCB0ED7501}"
EndProject
Project("{9A19103F-16F7-4668-BE54-9A1E7A4F7556}") = "PetStore.StockDelivery.Client", "PetStore.StockDelivery.Publisher\PetStore.StockDelivery.Client.csproj", "{5A4EE010-1A35-4248-A5C0-0E5CD9D4B7E1}"
EndProject
Project("{2150E333-8FDC-42A3-9474-1A3956D46DE8}") = "Shared", "Shared", "{D2D8CB3E-E9CA-4A3B-A637-335C3B00C0D3}"
EndProject
Project("{9A19103F-16F7-4668-BE54-9A1E7A4F7556}") = "PetStore.Shared", "PetStore.Shared\PetStore.Shared.csproj", "{5027A6B1-3638-46C0-AC29-7561CC0265F7}"
EndProject
Project("{2150E333-8FDC-42A3-9474-1A3956D46DE8}") = "App", "App", "{159DA757-3572-423D-8EA3-542B600EEDD3}"
EndProject
Project("{9A19103F-16F7-4668-BE54-9A1E7A4F7556}") = "PetStore.StockDelivery.Publish.App.Stock", "PetStore.StockDelivery.Publish.App.Stock\PetStore.StockDelivery.Publish.App.Stock.csproj", "{FBC0401D-C7F3-47A1-BD73-8E4908815042}"
EndProject
Project("{9A19103F-16F7-4668-BE54-9A1E7A4F7556}") = "PetStore.StockDelivery.Manager", "PetStore.StockDelivery.Manager\PetStore.StockDelivery.Manager.csproj", "{8E28DDE8-911D-403C-8B89-42DCDDDFD4A1}"
EndProject
Project("{9A19103F-16F7-4668-BE54-9A1E7A4F7556}") = "PetStore.StockDelivery.Server", "PetStore.StockDelivery\PetStore.StockDelivery.Server.csproj", "{6C20056B-D2C4-4A45-B8B4-CBDD90B220EA}"
EndProject
Project("{2150E333-8FDC-42A3-9474-1A3956D46DE8}") = "RPC", "RPC", "{260D6A81-A67D-4801-9B26-0DA3C7632199}"
EndProject
Project("{9A19103F-16F7-4668-BE54-9A1E7A4F7556}") = "RPCServer", "RPCServer\RPCServer.csproj", "{9410CD39-3D53-46C0-9E69-5C715AAE21CF}"
EndProject
Project("{9A19103F-16F7-4668-BE54-9A1E7A4F7556}") = "RpcClient", "RpcClient\RpcClient.csproj", "{6AB9CCF1-CA1B-477B-974B-1A2603CEDA85}"
EndProject
Project("{9A19103F-16F7-4668-BE54-9A1E7A4F7556}") = "RPCShared", "RPCShared\RPCShared.csproj", "{76B7CB0A-0095-43CD-901D-FFB9D8850095}"
EndProject
Project("{9A19103F-16F7-4668-BE54-9A1E7A4F7556}") = "PetStore.OrderItem.Server", "PetStore.OrderItem.Server\PetStore.OrderItem.Server.csproj", "{05453351-E076-41E1-AEAA-890F5E50D3F3}"
EndProject
Project("{9A19103F-16F7-4668-BE54-9A1E7A4F7556}") = "PetStore.OrderItem.Client", "PetStore.OrderItem.Client\PetStore.OrderItem.Client.csproj", "{ACAFF70A-EB46-4762-8CCA-B11152AA53EA}"
EndProject
Project("{9A19103F-16F7-4668-BE54-9A1E7A4F7556}") = "PetStore.OrderItem.Client.App", "PetStore.OrderItem.Client.App\PetStore.OrderItem.Client.App.csproj", "{82A9CAFE-2570-4576-9F54-B42C29E2693D}"
EndProject
Project("{9A19103F-16F7-4668-BE54-9A1E7A4F7556}") = "PetStore.OrderItem.Manager", "PetStore.OrderItem.Manger\PetStore.OrderItem.Manager.csproj", "{9DCBAF5D-EF5B-4477-BEF7-F55965F5DF8C}"
EndProject
Project("{2150E333-8FDC-42A3-9474-1A3956D46DE8}") = "Blazor", "Blazor", "{21B96915-C047-48EC-B9B4-3486B5DE2C16}"
EndProject
Project("{9A19103F-16F7-4668-BE54-9A1E7A4F7556}") = "PetStore.OrderItem.Manger.Manger.Test", "PetStore.OrderItem.Manger.Manger.Test\PetStore.OrderItem.Manger.Manger.Test.csproj", "{EE42740B-21FF-4C8A-917A-B10CB38BF9C6}"
EndProject
Project("{2150E333-8FDC-42A3-9474-1A3956D46DE8}") = "Client", "Client", "{F00FEC34-7240-4AE6-8D10-5F3320A3D094}"
EndProject
Project("{2150E333-8FDC-42A3-9474-1A3956D46DE8}") = "Server", "Server", "{FEB1970F-FA36-43F9-9C32-A404DC5103CA}"
EndProject
Project("{2150E333-8FDC-42A3-9474-1A3956D46DE8}") = "Shared", "Shared", "{F60A501E-2A45-4186-8BCF-56AAB7FA6763}"
EndProject
Project("{9A19103F-16F7-4668-BE54-9A1E7A4F7556}") = "PetStore.API", "PertStore.API\PetStore.API.csproj", "{A56BA4D7-523C-4088-96B0-D29891FA6C32}"
EndProject
Project("{2150E333-8FDC-42A3-9474-1A3956D46DE8}") = "Solution Items", "Solution Items", "{BEA99F6C-C974-49C0-9A88-C1A9B3215A5C}"
	ProjectSection(SolutionItems) = preProject
		.editorconfig = .editorconfig
	EndProjectSection
EndProject
Project("{9A19103F-16F7-4668-BE54-9A1E7A4F7556}") = "PetStore.API.Service", "PetStore.API.Service\PetStore.API.Service.csproj", "{1B56160E-8E00-4054-8750-1F98DF004EF9}"
EndProject
Project("{2150E333-8FDC-42A3-9474-1A3956D46DE8}") = "RabbitMQ", "RabbitMQ", "{2D8F7B14-F057-45F3-BD9A-CC617922EAB7}"
EndProject
Project("{9A19103F-16F7-4668-BE54-9A1E7A4F7556}") = "PetStore.Blazor.WASM.Server", "PetStore.Blazor.WASM\Server\PetStore.Blazor.WASM.Server.csproj", "{546AD7E0-E5C5-4E5A-8609-E4F35AB13328}"
EndProject
Project("{9A19103F-16F7-4668-BE54-9A1E7A4F7556}") = "PetStore.Blazor.WASM.Client", "PetStore.Blazor.WASM\Client\PetStore.Blazor.WASM.Client.csproj", "{6C527D75-0A4D-4212-AB7D-4B055B21FF6F}"
EndProject
Project("{9A19103F-16F7-4668-BE54-9A1E7A4F7556}") = "PetStore.Blazor.WASM.Shared", "PetStore.Blazor.WASM\Shared\PetStore.Blazor.WASM.Shared.csproj", "{99A95A38-E0F8-4C0F-8987-D38299E660BA}"
EndProject
Project("{9A19103F-16F7-4668-BE54-9A1E7A4F7556}") = "PetStore.OrderMonkey", "PetStore.OrderMonkey\PetStore.OrderMonkey.csproj", "{AFDAA589-5635-40E4-9FD4-ADCBBD83F4F7}"
EndProject
Project("{9A19103F-16F7-4668-BE54-9A1E7A4F7556}") = "PetStore.Blazor.WASM.Client.Test", "PetStore.Blazor.WASM.Client.Test\PetStore.Blazor.WASM.Client.Test.csproj", "{883EEDB3-07BB-4786-A2CC-2DD5B0568A9B}"
EndProject
Global
	GlobalSection(SolutionConfigurationPlatforms) = preSolution
		Debug|Any CPU = Debug|Any CPU
		Release|Any CPU = Release|Any CPU
	EndGlobalSection
	GlobalSection(ProjectConfigurationPlatforms) = postSolution
		{425B43EB-61E1-4C26-AC7E-9F0B850C96B6}.Debug|Any CPU.ActiveCfg = Debug|Any CPU
		{425B43EB-61E1-4C26-AC7E-9F0B850C96B6}.Debug|Any CPU.Build.0 = Debug|Any CPU
		{425B43EB-61E1-4C26-AC7E-9F0B850C96B6}.Release|Any CPU.ActiveCfg = Release|Any CPU
		{425B43EB-61E1-4C26-AC7E-9F0B850C96B6}.Release|Any CPU.Build.0 = Release|Any CPU
		{6E31B0D8-E159-4598-85FF-6488101E457E}.Debug|Any CPU.ActiveCfg = Debug|Any CPU
		{6E31B0D8-E159-4598-85FF-6488101E457E}.Debug|Any CPU.Build.0 = Debug|Any CPU
		{6E31B0D8-E159-4598-85FF-6488101E457E}.Release|Any CPU.ActiveCfg = Release|Any CPU
		{6E31B0D8-E159-4598-85FF-6488101E457E}.Release|Any CPU.Build.0 = Release|Any CPU
		{9BDB6ED4-4F76-45E4-8CE9-76FCB0ED7501}.Debug|Any CPU.ActiveCfg = Debug|Any CPU
		{9BDB6ED4-4F76-45E4-8CE9-76FCB0ED7501}.Debug|Any CPU.Build.0 = Debug|Any CPU
		{9BDB6ED4-4F76-45E4-8CE9-76FCB0ED7501}.Release|Any CPU.ActiveCfg = Release|Any CPU
		{9BDB6ED4-4F76-45E4-8CE9-76FCB0ED7501}.Release|Any CPU.Build.0 = Release|Any CPU
		{5A4EE010-1A35-4248-A5C0-0E5CD9D4B7E1}.Debug|Any CPU.ActiveCfg = Debug|Any CPU
		{5A4EE010-1A35-4248-A5C0-0E5CD9D4B7E1}.Debug|Any CPU.Build.0 = Debug|Any CPU
		{5A4EE010-1A35-4248-A5C0-0E5CD9D4B7E1}.Release|Any CPU.ActiveCfg = Release|Any CPU
		{5A4EE010-1A35-4248-A5C0-0E5CD9D4B7E1}.Release|Any CPU.Build.0 = Release|Any CPU
		{5027A6B1-3638-46C0-AC29-7561CC0265F7}.Debug|Any CPU.ActiveCfg = Debug|Any CPU
		{5027A6B1-3638-46C0-AC29-7561CC0265F7}.Debug|Any CPU.Build.0 = Debug|Any CPU
		{5027A6B1-3638-46C0-AC29-7561CC0265F7}.Release|Any CPU.ActiveCfg = Release|Any CPU
		{5027A6B1-3638-46C0-AC29-7561CC0265F7}.Release|Any CPU.Build.0 = Release|Any CPU
		{FBC0401D-C7F3-47A1-BD73-8E4908815042}.Debug|Any CPU.ActiveCfg = Debug|Any CPU
		{FBC0401D-C7F3-47A1-BD73-8E4908815042}.Debug|Any CPU.Build.0 = Debug|Any CPU
		{FBC0401D-C7F3-47A1-BD73-8E4908815042}.Release|Any CPU.ActiveCfg = Release|Any CPU
		{FBC0401D-C7F3-47A1-BD73-8E4908815042}.Release|Any CPU.Build.0 = Release|Any CPU
		{8E28DDE8-911D-403C-8B89-42DCDDDFD4A1}.Debug|Any CPU.ActiveCfg = Debug|Any CPU
		{8E28DDE8-911D-403C-8B89-42DCDDDFD4A1}.Debug|Any CPU.Build.0 = Debug|Any CPU
		{8E28DDE8-911D-403C-8B89-42DCDDDFD4A1}.Release|Any CPU.ActiveCfg = Release|Any CPU
		{8E28DDE8-911D-403C-8B89-42DCDDDFD4A1}.Release|Any CPU.Build.0 = Release|Any CPU
		{6C20056B-D2C4-4A45-B8B4-CBDD90B220EA}.Debug|Any CPU.ActiveCfg = Debug|Any CPU
		{6C20056B-D2C4-4A45-B8B4-CBDD90B220EA}.Debug|Any CPU.Build.0 = Debug|Any CPU
		{6C20056B-D2C4-4A45-B8B4-CBDD90B220EA}.Release|Any CPU.ActiveCfg = Release|Any CPU
		{6C20056B-D2C4-4A45-B8B4-CBDD90B220EA}.Release|Any CPU.Build.0 = Release|Any CPU
		{9410CD39-3D53-46C0-9E69-5C715AAE21CF}.Debug|Any CPU.ActiveCfg = Debug|Any CPU
		{9410CD39-3D53-46C0-9E69-5C715AAE21CF}.Debug|Any CPU.Build.0 = Debug|Any CPU
		{9410CD39-3D53-46C0-9E69-5C715AAE21CF}.Release|Any CPU.ActiveCfg = Release|Any CPU
		{9410CD39-3D53-46C0-9E69-5C715AAE21CF}.Release|Any CPU.Build.0 = Release|Any CPU
		{6AB9CCF1-CA1B-477B-974B-1A2603CEDA85}.Debug|Any CPU.ActiveCfg = Debug|Any CPU
		{6AB9CCF1-CA1B-477B-974B-1A2603CEDA85}.Debug|Any CPU.Build.0 = Debug|Any CPU
		{6AB9CCF1-CA1B-477B-974B-1A2603CEDA85}.Release|Any CPU.ActiveCfg = Release|Any CPU
		{6AB9CCF1-CA1B-477B-974B-1A2603CEDA85}.Release|Any CPU.Build.0 = Release|Any CPU
		{76B7CB0A-0095-43CD-901D-FFB9D8850095}.Debug|Any CPU.ActiveCfg = Debug|Any CPU
		{76B7CB0A-0095-43CD-901D-FFB9D8850095}.Debug|Any CPU.Build.0 = Debug|Any CPU
		{76B7CB0A-0095-43CD-901D-FFB9D8850095}.Release|Any CPU.ActiveCfg = Release|Any CPU
		{76B7CB0A-0095-43CD-901D-FFB9D8850095}.Release|Any CPU.Build.0 = Release|Any CPU
		{05453351-E076-41E1-AEAA-890F5E50D3F3}.Debug|Any CPU.ActiveCfg = Debug|Any CPU
		{05453351-E076-41E1-AEAA-890F5E50D3F3}.Debug|Any CPU.Build.0 = Debug|Any CPU
		{05453351-E076-41E1-AEAA-890F5E50D3F3}.Release|Any CPU.ActiveCfg = Release|Any CPU
		{05453351-E076-41E1-AEAA-890F5E50D3F3}.Release|Any CPU.Build.0 = Release|Any CPU
		{ACAFF70A-EB46-4762-8CCA-B11152AA53EA}.Debug|Any CPU.ActiveCfg = Debug|Any CPU
		{ACAFF70A-EB46-4762-8CCA-B11152AA53EA}.Debug|Any CPU.Build.0 = Debug|Any CPU
		{ACAFF70A-EB46-4762-8CCA-B11152AA53EA}.Release|Any CPU.ActiveCfg = Release|Any CPU
		{ACAFF70A-EB46-4762-8CCA-B11152AA53EA}.Release|Any CPU.Build.0 = Release|Any CPU
		{82A9CAFE-2570-4576-9F54-B42C29E2693D}.Debug|Any CPU.ActiveCfg = Debug|Any CPU
		{82A9CAFE-2570-4576-9F54-B42C29E2693D}.Debug|Any CPU.Build.0 = Debug|Any CPU
		{82A9CAFE-2570-4576-9F54-B42C29E2693D}.Release|Any CPU.ActiveCfg = Release|Any CPU
		{82A9CAFE-2570-4576-9F54-B42C29E2693D}.Release|Any CPU.Build.0 = Release|Any CPU
		{9DCBAF5D-EF5B-4477-BEF7-F55965F5DF8C}.Debug|Any CPU.ActiveCfg = Debug|Any CPU
		{9DCBAF5D-EF5B-4477-BEF7-F55965F5DF8C}.Debug|Any CPU.Build.0 = Debug|Any CPU
		{9DCBAF5D-EF5B-4477-BEF7-F55965F5DF8C}.Release|Any CPU.ActiveCfg = Release|Any CPU
		{9DCBAF5D-EF5B-4477-BEF7-F55965F5DF8C}.Release|Any CPU.Build.0 = Release|Any CPU
		{EE42740B-21FF-4C8A-917A-B10CB38BF9C6}.Debug|Any CPU.ActiveCfg = Debug|Any CPU
		{EE42740B-21FF-4C8A-917A-B10CB38BF9C6}.Debug|Any CPU.Build.0 = Debug|Any CPU
		{EE42740B-21FF-4C8A-917A-B10CB38BF9C6}.Release|Any CPU.ActiveCfg = Release|Any CPU
		{EE42740B-21FF-4C8A-917A-B10CB38BF9C6}.Release|Any CPU.Build.0 = Release|Any CPU
		{A56BA4D7-523C-4088-96B0-D29891FA6C32}.Debug|Any CPU.ActiveCfg = Debug|Any CPU
		{A56BA4D7-523C-4088-96B0-D29891FA6C32}.Debug|Any CPU.Build.0 = Debug|Any CPU
		{A56BA4D7-523C-4088-96B0-D29891FA6C32}.Release|Any CPU.ActiveCfg = Release|Any CPU
		{A56BA4D7-523C-4088-96B0-D29891FA6C32}.Release|Any CPU.Build.0 = Release|Any CPU
		{1B56160E-8E00-4054-8750-1F98DF004EF9}.Debug|Any CPU.ActiveCfg = Debug|Any CPU
		{1B56160E-8E00-4054-8750-1F98DF004EF9}.Debug|Any CPU.Build.0 = Debug|Any CPU
		{1B56160E-8E00-4054-8750-1F98DF004EF9}.Release|Any CPU.ActiveCfg = Release|Any CPU
		{1B56160E-8E00-4054-8750-1F98DF004EF9}.Release|Any CPU.Build.0 = Release|Any CPU
		{546AD7E0-E5C5-4E5A-8609-E4F35AB13328}.Debug|Any CPU.ActiveCfg = Debug|Any CPU
		{546AD7E0-E5C5-4E5A-8609-E4F35AB13328}.Debug|Any CPU.Build.0 = Debug|Any CPU
		{546AD7E0-E5C5-4E5A-8609-E4F35AB13328}.Release|Any CPU.ActiveCfg = Release|Any CPU
		{546AD7E0-E5C5-4E5A-8609-E4F35AB13328}.Release|Any CPU.Build.0 = Release|Any CPU
		{6C527D75-0A4D-4212-AB7D-4B055B21FF6F}.Debug|Any CPU.ActiveCfg = Debug|Any CPU
		{6C527D75-0A4D-4212-AB7D-4B055B21FF6F}.Debug|Any CPU.Build.0 = Debug|Any CPU
		{6C527D75-0A4D-4212-AB7D-4B055B21FF6F}.Release|Any CPU.ActiveCfg = Release|Any CPU
		{6C527D75-0A4D-4212-AB7D-4B055B21FF6F}.Release|Any CPU.Build.0 = Release|Any CPU
		{99A95A38-E0F8-4C0F-8987-D38299E660BA}.Debug|Any CPU.ActiveCfg = Debug|Any CPU
		{99A95A38-E0F8-4C0F-8987-D38299E660BA}.Debug|Any CPU.Build.0 = Debug|Any CPU
		{99A95A38-E0F8-4C0F-8987-D38299E660BA}.Release|Any CPU.ActiveCfg = Release|Any CPU
		{99A95A38-E0F8-4C0F-8987-D38299E660BA}.Release|Any CPU.Build.0 = Release|Any CPU
		{AFDAA589-5635-40E4-9FD4-ADCBBD83F4F7}.Debug|Any CPU.ActiveCfg = Debug|Any CPU
		{AFDAA589-5635-40E4-9FD4-ADCBBD83F4F7}.Debug|Any CPU.Build.0 = Debug|Any CPU
		{AFDAA589-5635-40E4-9FD4-ADCBBD83F4F7}.Release|Any CPU.ActiveCfg = Release|Any CPU
		{AFDAA589-5635-40E4-9FD4-ADCBBD83F4F7}.Release|Any CPU.Build.0 = Release|Any CPU
		{883EEDB3-07BB-4786-A2CC-2DD5B0568A9B}.Debug|Any CPU.ActiveCfg = Debug|Any CPU
		{883EEDB3-07BB-4786-A2CC-2DD5B0568A9B}.Debug|Any CPU.Build.0 = Debug|Any CPU
		{883EEDB3-07BB-4786-A2CC-2DD5B0568A9B}.Release|Any CPU.ActiveCfg = Release|Any CPU
		{883EEDB3-07BB-4786-A2CC-2DD5B0568A9B}.Release|Any CPU.Build.0 = Release|Any CPU
	EndGlobalSection
	GlobalSection(SolutionProperties) = preSolution
		HideSolutionNode = FALSE
	EndGlobalSection
	GlobalSection(NestedProjects) = preSolution
		{EFE6252F-785D-4F12-BD2E-D995DEAA5D3D} = {2E5D128C-4A95-477D-A0D5-26AE20DEDA80}
		{C483C7B1-EDE2-4C84-8515-45BB118624F8} = {2E5D128C-4A95-477D-A0D5-26AE20DEDA80}
		{AC010643-0AE4-4257-A30F-F8DF7A0C8069} = {2E5D128C-4A95-477D-A0D5-26AE20DEDA80}
		{425B43EB-61E1-4C26-AC7E-9F0B850C96B6} = {AC010643-0AE4-4257-A30F-F8DF7A0C8069}
		{6E31B0D8-E159-4598-85FF-6488101E457E} = {AC010643-0AE4-4257-A30F-F8DF7A0C8069}
		{9BDB6ED4-4F76-45E4-8CE9-76FCB0ED7501} = {AC010643-0AE4-4257-A30F-F8DF7A0C8069}
		{5A4EE010-1A35-4248-A5C0-0E5CD9D4B7E1} = {F00FEC34-7240-4AE6-8D10-5F3320A3D094}
		{D2D8CB3E-E9CA-4A3B-A637-335C3B00C0D3} = {2E5D128C-4A95-477D-A0D5-26AE20DEDA80}
		{5027A6B1-3638-46C0-AC29-7561CC0265F7} = {D2D8CB3E-E9CA-4A3B-A637-335C3B00C0D3}
		{159DA757-3572-423D-8EA3-542B600EEDD3} = {2E5D128C-4A95-477D-A0D5-26AE20DEDA80}
		{FBC0401D-C7F3-47A1-BD73-8E4908815042} = {159DA757-3572-423D-8EA3-542B600EEDD3}
		{8E28DDE8-911D-403C-8B89-42DCDDDFD4A1} = {F60A501E-2A45-4186-8BCF-56AAB7FA6763}
		{6C20056B-D2C4-4A45-B8B4-CBDD90B220EA} = {FEB1970F-FA36-43F9-9C32-A404DC5103CA}
		{260D6A81-A67D-4801-9B26-0DA3C7632199} = {71C0B149-9CB5-4386-AB8F-A21735289DF5}
		{9410CD39-3D53-46C0-9E69-5C715AAE21CF} = {260D6A81-A67D-4801-9B26-0DA3C7632199}
		{6AB9CCF1-CA1B-477B-974B-1A2603CEDA85} = {260D6A81-A67D-4801-9B26-0DA3C7632199}
		{76B7CB0A-0095-43CD-901D-FFB9D8850095} = {260D6A81-A67D-4801-9B26-0DA3C7632199}
		{05453351-E076-41E1-AEAA-890F5E50D3F3} = {FEB1970F-FA36-43F9-9C32-A404DC5103CA}
		{ACAFF70A-EB46-4762-8CCA-B11152AA53EA} = {F00FEC34-7240-4AE6-8D10-5F3320A3D094}
		{82A9CAFE-2570-4576-9F54-B42C29E2693D} = {159DA757-3572-423D-8EA3-542B600EEDD3}
		{9DCBAF5D-EF5B-4477-BEF7-F55965F5DF8C} = {F60A501E-2A45-4186-8BCF-56AAB7FA6763}
		{21B96915-C047-48EC-B9B4-3486B5DE2C16} = {71C0B149-9CB5-4386-AB8F-A21735289DF5}
		{EE42740B-21FF-4C8A-917A-B10CB38BF9C6} = {21B96915-C047-48EC-B9B4-3486B5DE2C16}
		{F00FEC34-7240-4AE6-8D10-5F3320A3D094} = {2D8F7B14-F057-45F3-BD9A-CC617922EAB7}
		{FEB1970F-FA36-43F9-9C32-A404DC5103CA} = {2D8F7B14-F057-45F3-BD9A-CC617922EAB7}
		{F60A501E-2A45-4186-8BCF-56AAB7FA6763} = {2D8F7B14-F057-45F3-BD9A-CC617922EAB7}
		{A56BA4D7-523C-4088-96B0-D29891FA6C32} = {C483C7B1-EDE2-4C84-8515-45BB118624F8}
		{1B56160E-8E00-4054-8750-1F98DF004EF9} = {C483C7B1-EDE2-4C84-8515-45BB118624F8}
		{2D8F7B14-F057-45F3-BD9A-CC617922EAB7} = {2E5D128C-4A95-477D-A0D5-26AE20DEDA80}
		{546AD7E0-E5C5-4E5A-8609-E4F35AB13328} = {EFE6252F-785D-4F12-BD2E-D995DEAA5D3D}
		{6C527D75-0A4D-4212-AB7D-4B055B21FF6F} = {EFE6252F-785D-4F12-BD2E-D995DEAA5D3D}
		{99A95A38-E0F8-4C0F-8987-D38299E660BA} = {EFE6252F-785D-4F12-BD2E-D995DEAA5D3D}
		{AFDAA589-5635-40E4-9FD4-ADCBBD83F4F7} = {159DA757-3572-423D-8EA3-542B600EEDD3}
		{883EEDB3-07BB-4786-A2CC-2DD5B0568A9B} = {21B96915-C047-48EC-B9B4-3486B5DE2C16}
	EndGlobalSection
	GlobalSection(ExtensibilityGlobals) = postSolution
		SolutionGuid = {A0B49AD8-A4C0-481B-8DC7-840A04B0C56D}
	EndGlobalSection
EndGlobal
