
Microsoft Visual Studio Solution File, Format Version 12.00
# Visual Studio Version 16
VisualStudioVersion = 16.0.29905.134
MinimumVisualStudioVersion = 10.0.40219.1
Project("{FAE04EC0-301F-11D3-BF4B-00C04F79EFBC}") = "PetStore", "PetStore\PetStore.csproj", "{A9BE49A2-40BB-4BFE-BAA0-12E5A6D7BA60}"
EndProject
Project("{2150E333-8FDC-42A3-9474-1A3956D46DE8}") = "Blazor", "Blazor", "{EFE6252F-785D-4F12-BD2E-D995DEAA5D3D}"
EndProject
Project("{2150E333-8FDC-42A3-9474-1A3956D46DE8}") = "API", "API", "{C483C7B1-EDE2-4C84-8515-45BB118624F8}"
EndProject
Project("{2150E333-8FDC-42A3-9474-1A3956D46DE8}") = "Data", "Data", "{AC010643-0AE4-4257-A30F-F8DF7A0C8069}"
EndProject
Project("{2150E333-8FDC-42A3-9474-1A3956D46DE8}") = "src", "src", "{2E5D128C-4A95-477D-A0D5-26AE20DEDA80}"
EndProject
Project("{2150E333-8FDC-42A3-9474-1A3956D46DE8}") = "test", "test", "{71C0B149-9CB5-4386-AB8F-A21735289DF5}"
EndProject
Project("{FAE04EC0-301F-11D3-BF4B-00C04F79EFBC}") = "PetStore.Domain", "PetStore.Domain\PetStore.Domain.csproj", "{425B43EB-61E1-4C26-AC7E-9F0B850C96B6}"
EndProject
Project("{FAE04EC0-301F-11D3-BF4B-00C04F79EFBC}") = "PetStore.Data", "PetStore.Data\PetStore.Data.csproj", "{6E31B0D8-E159-4598-85FF-6488101E457E}"
EndProject
Project("{FAE04EC0-301F-11D3-BF4B-00C04F79EFBC}") = "PetStore.ConsoleApp", "PetStore.ConsoleApp\PetStore.ConsoleApp.csproj", "{9BDB6ED4-4F76-45E4-8CE9-76FCB0ED7501}"
EndProject
Global
	GlobalSection(SolutionConfigurationPlatforms) = preSolution
		Debug|Any CPU = Debug|Any CPU
		Release|Any CPU = Release|Any CPU
	EndGlobalSection
	GlobalSection(ProjectConfigurationPlatforms) = postSolution
		{A9BE49A2-40BB-4BFE-BAA0-12E5A6D7BA60}.Debug|Any CPU.ActiveCfg = Debug|Any CPU
		{A9BE49A2-40BB-4BFE-BAA0-12E5A6D7BA60}.Debug|Any CPU.Build.0 = Debug|Any CPU
		{A9BE49A2-40BB-4BFE-BAA0-12E5A6D7BA60}.Release|Any CPU.ActiveCfg = Release|Any CPU
		{A9BE49A2-40BB-4BFE-BAA0-12E5A6D7BA60}.Release|Any CPU.Build.0 = Release|Any CPU
		{425B43EB-61E1-4C26-AC7E-9F0B850C96B6}.Debug|Any CPU.ActiveCfg = Debug|Any CPU
		{425B43EB-61E1-4C26-AC7E-9F0B850C96B6}.Debug|Any CPU.Build.0 = Debug|Any CPU
		{425B43EB-61E1-4C26-AC7E-9F0B850C96B6}.Release|Any CPU.ActiveCfg = Release|Any CPU
		{425B43EB-61E1-4C26-AC7E-9F0B850C96B6}.Release|Any CPU.Build.0 = Release|Any CPU
		{6E31B0D8-E159-4598-85FF-6488101E457E}.Debug|Any CPU.ActiveCfg = Debug|Any CPU
		{6E31B0D8-E159-4598-85FF-6488101E457E}.Debug|Any CPU.Build.0 = Debug|Any CPU
		{6E31B0D8-E159-4598-85FF-6488101E457E}.Release|Any CPU.ActiveCfg = Release|Any CPU
		{6E31B0D8-E159-4598-85FF-6488101E457E}.Release|Any CPU.Build.0 = Release|Any CPU
		{9BDB6ED4-4F76-45E4-8CE9-76FCB0ED7501}.Debug|Any CPU.ActiveCfg = Debug|Any CPU
		{9BDB6ED4-4F76-45E4-8CE9-76FCB0ED7501}.Debug|Any CPU.Build.0 = Debug|Any CPU
		{9BDB6ED4-4F76-45E4-8CE9-76FCB0ED7501}.Release|Any CPU.ActiveCfg = Release|Any CPU
		{9BDB6ED4-4F76-45E4-8CE9-76FCB0ED7501}.Release|Any CPU.Build.0 = Release|Any CPU
	EndGlobalSection
	GlobalSection(SolutionProperties) = preSolution
		HideSolutionNode = FALSE
	EndGlobalSection
	GlobalSection(NestedProjects) = preSolution
		{A9BE49A2-40BB-4BFE-BAA0-12E5A6D7BA60} = {EFE6252F-785D-4F12-BD2E-D995DEAA5D3D}
		{EFE6252F-785D-4F12-BD2E-D995DEAA5D3D} = {2E5D128C-4A95-477D-A0D5-26AE20DEDA80}
		{C483C7B1-EDE2-4C84-8515-45BB118624F8} = {2E5D128C-4A95-477D-A0D5-26AE20DEDA80}
		{AC010643-0AE4-4257-A30F-F8DF7A0C8069} = {2E5D128C-4A95-477D-A0D5-26AE20DEDA80}
		{425B43EB-61E1-4C26-AC7E-9F0B850C96B6} = {AC010643-0AE4-4257-A30F-F8DF7A0C8069}
		{6E31B0D8-E159-4598-85FF-6488101E457E} = {AC010643-0AE4-4257-A30F-F8DF7A0C8069}
		{9BDB6ED4-4F76-45E4-8CE9-76FCB0ED7501} = {AC010643-0AE4-4257-A30F-F8DF7A0C8069}
	EndGlobalSection
	GlobalSection(ExtensibilityGlobals) = postSolution
		SolutionGuid = {A0B49AD8-A4C0-481B-8DC7-840A04B0C56D}
	EndGlobalSection
EndGlobal
